<?xml version="1.0" encoding="UTF-8" standalone="yes" ?>
<CodeBlocks_project_file>
	<FileVersion major="1" minor="6" />
	<Project>
		<Option title="Compiler_II" />
		<Option pch_mode="2" />
		<Option compiler="gcc" />
		<Build>
			<Target title="Debug">
				<Option output="bin/Debug/Compiler_II" prefix_auto="1" extension_auto="1" />
				<Option object_output="obj/Debug/" />
				<Option type="1" />
				<Option compiler="gcc" />
				<Compiler>
					<Add option="-std=c++11" />
					<Add option="-g" />
					<Add directory="/media/salma/New Volume/College/rd_CSED/SecondTerm/Compiler/C++/Phase1-MyPart/" />
				</Compiler>
			</Target>
			<Target title="Release">
				<Option output="bin/Release/Phase1-MyPart" prefix_auto="1" extension_auto="1" />
				<Option object_output="obj/Release/" />
				<Option type="1" />
				<Option compiler="gcc" />
				<Compiler>
					<Add option="-O2" />
					<Add option="-std=c++11" />
					<Add directory="/media/salma/New Volume/College/rd_CSED/SecondTerm/Compiler/C++/Phase1-MyPart/" />
				</Compiler>
				<Linker>
					<Add option="-s" />
				</Linker>
			</Target>
		</Build>
		<Compiler>
			<Add option="-std=c++11" />
			<Add option="-Wall" />
			<Add option="-fexceptions" />
		</Compiler>
		<Unit filename="DFAMinimization.h" />
		<Unit filename="SubsetConstruction.cpp" />
		<Unit filename="SubsetConstruction.h" />
		<Unit filename="Table_Calulations.h" />
		<Unit filename="ThompsonConstruction.cpp" />
		<Unit filename="ThompsonConstruction.h" />
		<Unit filename="handle_grammar.h" />
		<Unit filename="headers.h" />
		<Unit filename="main.cpp" />
		<Unit filename="parser.h" />
		<Unit filename="test_input.h" />
		<Extensions>
			<code_completion />
			<debugger />
		</Extensions>
	</Project>
</CodeBlocks_project_file>
